
Microsoft Visual Studio Solution File, Format Version 12.00
# Visual Studio Version 17
VisualStudioVersion = 17.3.32825.248
MinimumVisualStudioVersion = 10.0.40219.1
Project("{8BC9CEB8-8B4A-11D0-8D11-00A0C91BC942}") = "Ex_01", "20215124김다은_Project2\20215124김다은_Project2.vcxproj", "{EB561583-D0EB-49E4-A9E6-F73236046B3B}"
EndProject
Project("{8BC9CEB8-8B4A-11D0-8D11-00A0C91BC942}") = "Ex_02", "Ex_02\Ex_02.vcxproj", "{FD66762F-9390-4C91-89B4-15319420CD70}"
EndProject
Project("{8BC9CEB8-8B4A-11D0-8D11-00A0C91BC942}") = "Ex_03", "Ex_03\Ex_03.vcxproj", "{143DBE99-FB86-4FE9-A4BA-B9E73C91C5A8}"
EndProject
Global
	GlobalSection(SolutionConfigurationPlatforms) = preSolution
		Debug|x64 = Debug|x64
		Debug|x86 = Debug|x86
		Release|x64 = Release|x64
		Release|x86 = Release|x86
	EndGlobalSection
	GlobalSection(ProjectConfigurationPlatforms) = postSolution
		{EB561583-D0EB-49E4-A9E6-F73236046B3B}.Debug|x64.ActiveCfg = Debug|x64
		{EB561583-D0EB-49E4-A9E6-F73236046B3B}.Debug|x64.Build.0 = Debug|x64
		{EB561583-D0EB-49E4-A9E6-F73236046B3B}.Debug|x86.ActiveCfg = Debug|Win32
		{EB561583-D0EB-49E4-A9E6-F73236046B3B}.Debug|x86.Build.0 = Debug|Win32
		{EB561583-D0EB-49E4-A9E6-F73236046B3B}.Release|x64.ActiveCfg = Release|x64
		{EB561583-D0EB-49E4-A9E6-F73236046B3B}.Release|x64.Build.0 = Release|x64
		{EB561583-D0EB-49E4-A9E6-F73236046B3B}.Release|x86.ActiveCfg = Release|Win32
		{EB561583-D0EB-49E4-A9E6-F73236046B3B}.Release|x86.Build.0 = Release|Win32
		{FD66762F-9390-4C91-89B4-15319420CD70}.Debug|x64.ActiveCfg = Debug|x64
		{FD66762F-9390-4C91-89B4-15319420CD70}.Debug|x64.Build.0 = Debug|x64
		{FD66762F-9390-4C91-89B4-15319420CD70}.Debug|x86.ActiveCfg = Debug|Win32
		{FD66762F-9390-4C91-89B4-15319420CD70}.Debug|x86.Build.0 = Debug|Win32
		{FD66762F-9390-4C91-89B4-15319420CD70}.Release|x64.ActiveCfg = Release|x64
		{FD66762F-9390-4C91-89B4-15319420CD70}.Release|x64.Build.0 = Release|x64
		{FD66762F-9390-4C91-89B4-15319420CD70}.Release|x86.ActiveCfg = Release|Win32
		{FD66762F-9390-4C91-89B4-15319420CD70}.Release|x86.Build.0 = Release|Win32
		{143DBE99-FB86-4FE9-A4BA-B9E73C91C5A8}.Debug|x64.ActiveCfg = Debug|x64
		{143DBE99-FB86-4FE9-A4BA-B9E73C91C5A8}.Debug|x64.Build.0 = Debug|x64
		{143DBE99-FB86-4FE9-A4BA-B9E73C91C5A8}.Debug|x86.ActiveCfg = Debug|Win32
		{143DBE99-FB86-4FE9-A4BA-B9E73C91C5A8}.Debug|x86.Build.0 = Debug|Win32
		{143DBE99-FB86-4FE9-A4BA-B9E73C91C5A8}.Release|x64.ActiveCfg = Release|x64
		{143DBE99-FB86-4FE9-A4BA-B9E73C91C5A8}.Release|x64.Build.0 = Release|x64
		{143DBE99-FB86-4FE9-A4BA-B9E73C91C5A8}.Release|x86.ActiveCfg = Release|Win32
		{143DBE99-FB86-4FE9-A4BA-B9E73C91C5A8}.Release|x86.Build.0 = Release|Win32
	EndGlobalSection
	GlobalSection(SolutionProperties) = preSolution
		HideSolutionNode = FALSE
	EndGlobalSection
	GlobalSection(ExtensibilityGlobals) = postSolution
		SolutionGuid = {15D11675-83D0-4939-AD23-5DEA7B0C3E31}
	EndGlobalSection
EndGlobal
